
Microsoft Visual Studio Solution File, Format Version 12.00
# Visual Studio 15
VisualStudioVersion = 15.0.26403.7
MinimumVisualStudioVersion = 10.0.40219.1
Project("{FAE04EC0-301F-11D3-BF4B-00C04F79EFBC}") = "WebApi", "WebApi\WebApi.csproj", "{CABD3336-35EC-4C72-A746-E2AB22D71ACD}"
	ProjectSection(ProjectDependencies) = postProject
		{8DEAA602-4499-4530-AC1D-EC5CBB18062C} = {8DEAA602-4499-4530-AC1D-EC5CBB18062C}
		{FD06FF1F-FAF8-4FC4-B14D-A5EEB8DF4047} = {FD06FF1F-FAF8-4FC4-B14D-A5EEB8DF4047}
	EndProjectSection
EndProject
Project("{FAE04EC0-301F-11D3-BF4B-00C04F79EFBC}") = "Services", "Services\Services.csproj", "{FD06FF1F-FAF8-4FC4-B14D-A5EEB8DF4047}"
	ProjectSection(ProjectDependencies) = postProject
		{8DEAA602-4499-4530-AC1D-EC5CBB18062C} = {8DEAA602-4499-4530-AC1D-EC5CBB18062C}
	EndProjectSection
EndProject
Project("{FAE04EC0-301F-11D3-BF4B-00C04F79EFBC}") = "Data", "Data\Data.csproj", "{8DEAA602-4499-4530-AC1D-EC5CBB18062C}"
EndProject
Project("{2150E333-8FDC-42A3-9474-1A3956D46DE8}") = "DataBase", "DataBase", "{DC0BE393-75CD-4EC6-A087-8D652404CCF1}"
	ProjectSection(SolutionItems) = preProject
		DataBase\marios_pizzerias.db = DataBase\marios_pizzerias.db
	EndProjectSection
EndProject
Global
	GlobalSection(SolutionConfigurationPlatforms) = preSolution
		Debug|Any CPU = Debug|Any CPU
		Release|Any CPU = Release|Any CPU
	EndGlobalSection
	GlobalSection(ProjectConfigurationPlatforms) = postSolution
		{CABD3336-35EC-4C72-A746-E2AB22D71ACD}.Debug|Any CPU.ActiveCfg = Debug|Any CPU
		{CABD3336-35EC-4C72-A746-E2AB22D71ACD}.Debug|Any CPU.Build.0 = Debug|Any CPU
		{CABD3336-35EC-4C72-A746-E2AB22D71ACD}.Release|Any CPU.ActiveCfg = Release|Any CPU
		{CABD3336-35EC-4C72-A746-E2AB22D71ACD}.Release|Any CPU.Build.0 = Release|Any CPU
		{FD06FF1F-FAF8-4FC4-B14D-A5EEB8DF4047}.Debug|Any CPU.ActiveCfg = Debug|Any CPU
		{FD06FF1F-FAF8-4FC4-B14D-A5EEB8DF4047}.Debug|Any CPU.Build.0 = Debug|Any CPU
		{FD06FF1F-FAF8-4FC4-B14D-A5EEB8DF4047}.Release|Any CPU.ActiveCfg = Release|Any CPU
		{FD06FF1F-FAF8-4FC4-B14D-A5EEB8DF4047}.Release|Any CPU.Build.0 = Release|Any CPU
		{8DEAA602-4499-4530-AC1D-EC5CBB18062C}.Debug|Any CPU.ActiveCfg = Debug|Any CPU
		{8DEAA602-4499-4530-AC1D-EC5CBB18062C}.Debug|Any CPU.Build.0 = Debug|Any CPU
		{8DEAA602-4499-4530-AC1D-EC5CBB18062C}.Release|Any CPU.ActiveCfg = Release|Any CPU
		{8DEAA602-4499-4530-AC1D-EC5CBB18062C}.Release|Any CPU.Build.0 = Release|Any CPU
	EndGlobalSection
	GlobalSection(SolutionProperties) = preSolution
		HideSolutionNode = FALSE
	EndGlobalSection
EndGlobal
